// !$*UTF8*$!
{
	archiveVersion = 1;
	classes = {
	};
	objectVersion = 56;
	objects = {

/* Begin PBXBuildFile section */
		58195DD52BD03542007A5BC6 /* AppDelegate.swift in Sources */ = {isa = PBXBuildFile; fileRef = 58195DD42BD03542007A5BC6 /* AppDelegate.swift */; };
		58195DD72BD03542007A5BC6 /* SceneDelegate.swift in Sources */ = {isa = PBXBuildFile; fileRef = 58195DD62BD03542007A5BC6 /* SceneDelegate.swift */; };
		58195DD92BD03542007A5BC6 /* ViewController.swift in Sources */ = {isa = PBXBuildFile; fileRef = 58195DD82BD03542007A5BC6 /* ViewController.swift */; };
		58195DDE2BD03543007A5BC6 /* Assets.xcassets in Resources */ = {isa = PBXBuildFile; fileRef = 58195DDD2BD03543007A5BC6 /* Assets.xcassets */; };
		58195DE12BD03543007A5BC6 /* LaunchScreen.storyboard in Resources */ = {isa = PBXBuildFile; fileRef = 58195DDF2BD03543007A5BC6 /* LaunchScreen.storyboard */; };
		58195DEA2BD036F1007A5BC6 /* KumbhSans-Bold.ttf in Resources */ = {isa = PBXBuildFile; fileRef = 58195DE82BD036F1007A5BC6 /* KumbhSans-Bold.ttf */; };
		58195DEB2BD036F1007A5BC6 /* KumbhSans-Regular.ttf in Resources */ = {isa = PBXBuildFile; fileRef = 58195DE92BD036F1007A5BC6 /* KumbhSans-Regular.ttf */; };
		58195DF12BD0403D007A5BC6 /* TextView.swift in Sources */ = {isa = PBXBuildFile; fileRef = 58195DF02BD0403D007A5BC6 /* TextView.swift */; };
		58195DF32BD0A346007A5BC6 /* CarouselImageView.swift in Sources */ = {isa = PBXBuildFile; fileRef = 58195DF22BD0A346007A5BC6 /* CarouselImageView.swift */; };
		58195DF52BD1D4D0007A5BC6 /* DescriptionView.swift in Sources */ = {isa = PBXBuildFile; fileRef = 58195DF42BD1D4D0007A5BC6 /* DescriptionView.swift */; };
		58787E072BD6C1770009AC51 /* CustomStepper.swift in Sources */ = {isa = PBXBuildFile; fileRef = 58787E062BD6C1770009AC51 /* CustomStepper.swift */; };
		58787E092BD80DE80009AC51 /* ScrollView.swift in Sources */ = {isa = PBXBuildFile; fileRef = 58787E082BD80DE80009AC51 /* ScrollView.swift */; };
		58787E0E2BD813770009AC51 /* CALayer-Ext.swift in Sources */ = {isa = PBXBuildFile; fileRef = 58787E0D2BD813770009AC51 /* CALayer-Ext.swift */; };
		58787E142BDB1ACB0009AC51 /* CartModalView.swift in Sources */ = {isa = PBXBuildFile; fileRef = 58787E132BDB1ACB0009AC51 /* CartModalView.swift */; };
		58787E162BDB1CE80009AC51 /* CheckoutModal.swift in Sources */ = {isa = PBXBuildFile; fileRef = 58787E152BDB1CE80009AC51 /* CheckoutModal.swift */; };
		58787E182BDBFA9D0009AC51 /* DataModel.swift in Sources */ = {isa = PBXBuildFile; fileRef = 58787E172BDBFA9D0009AC51 /* DataModel.swift */; };
/* End PBXBuildFile section */

/* Begin PBXFileReference section */
		58195DD12BD03542007A5BC6 /* ecommerce-product-page.app */ = {isa = PBXFileReference; explicitFileType = wrapper.application; includeInIndex = 0; path = "ecommerce-product-page.app"; sourceTree = BUILT_PRODUCTS_DIR; };
		58195DD42BD03542007A5BC6 /* AppDelegate.swift */ = {isa = PBXFileReference; lastKnownFileType = sourcecode.swift; path = AppDelegate.swift; sourceTree = "<group>"; };
		58195DD62BD03542007A5BC6 /* SceneDelegate.swift */ = {isa = PBXFileReference; lastKnownFileType = sourcecode.swift; path = SceneDelegate.swift; sourceTree = "<group>"; };
		58195DD82BD03542007A5BC6 /* ViewController.swift */ = {isa = PBXFileReference; lastKnownFileType = sourcecode.swift; path = ViewController.swift; sourceTree = "<group>"; };
		58195DDD2BD03543007A5BC6 /* Assets.xcassets */ = {isa = PBXFileReference; lastKnownFileType = folder.assetcatalog; path = Assets.xcassets; sourceTree = "<group>"; };
		58195DE02BD03543007A5BC6 /* Base */ = {isa = PBXFileReference; lastKnownFileType = file.storyboard; name = Base; path = Base.lproj/LaunchScreen.storyboard; sourceTree = "<group>"; };
		58195DE22BD03543007A5BC6 /* Info.plist */ = {isa = PBXFileReference; lastKnownFileType = text.plist.xml; path = Info.plist; sourceTree = "<group>"; };
		58195DE82BD036F1007A5BC6 /* KumbhSans-Bold.ttf */ = {isa = PBXFileReference; lastKnownFileType = file; path = "KumbhSans-Bold.ttf"; sourceTree = "<group>"; };
		58195DE92BD036F1007A5BC6 /* KumbhSans-Regular.ttf */ = {isa = PBXFileReference; lastKnownFileType = file; path = "KumbhSans-Regular.ttf"; sourceTree = "<group>"; };
		58195DF02BD0403D007A5BC6 /* TextView.swift */ = {isa = PBXFileReference; lastKnownFileType = sourcecode.swift; path = TextView.swift; sourceTree = "<group>"; };
		58195DF22BD0A346007A5BC6 /* CarouselImageView.swift */ = {isa = PBXFileReference; lastKnownFileType = sourcecode.swift; path = CarouselImageView.swift; sourceTree = "<group>"; };
		58195DF42BD1D4D0007A5BC6 /* DescriptionView.swift */ = {isa = PBXFileReference; lastKnownFileType = sourcecode.swift; path = DescriptionView.swift; sourceTree = "<group>"; };
		58787E062BD6C1770009AC51 /* CustomStepper.swift */ = {isa = PBXFileReference; lastKnownFileType = sourcecode.swift; path = CustomStepper.swift; sourceTree = "<group>"; };
		58787E082BD80DE80009AC51 /* ScrollView.swift */ = {isa = PBXFileReference; lastKnownFileType = sourcecode.swift; path = ScrollView.swift; sourceTree = "<group>"; };
		58787E0D2BD813770009AC51 /* CALayer-Ext.swift */ = {isa = PBXFileReference; lastKnownFileType = sourcecode.swift; path = "CALayer-Ext.swift"; sourceTree = "<group>"; };
		58787E132BDB1ACB0009AC51 /* CartModalView.swift */ = {isa = PBXFileReference; lastKnownFileType = sourcecode.swift; path = CartModalView.swift; sourceTree = "<group>"; };
		58787E152BDB1CE80009AC51 /* CheckoutModal.swift */ = {isa = PBXFileReference; lastKnownFileType = sourcecode.swift; path = CheckoutModal.swift; sourceTree = "<group>"; };
		58787E172BDBFA9D0009AC51 /* DataModel.swift */ = {isa = PBXFileReference; lastKnownFileType = sourcecode.swift; path = DataModel.swift; sourceTree = "<group>"; };
/* End PBXFileReference section */

/* Begin PBXFrameworksBuildPhase section */
		58195DCE2BD03542007A5BC6 /* Frameworks */ = {
			isa = PBXFrameworksBuildPhase;
			buildActionMask = 2147483647;
			files = (
			);
			runOnlyForDeploymentPostprocessing = 0;
		};
/* End PBXFrameworksBuildPhase section */

/* Begin PBXGroup section */
		58195DC82BD03542007A5BC6 = {
			isa = PBXGroup;
			children = (
				58195DD32BD03542007A5BC6 /* ecommerce-product-page */,
				58195DD22BD03542007A5BC6 /* Products */,
			);
			sourceTree = "<group>";
		};
		58195DD22BD03542007A5BC6 /* Products */ = {
			isa = PBXGroup;
			children = (
				58195DD12BD03542007A5BC6 /* ecommerce-product-page.app */,
			);
			name = Products;
			sourceTree = "<group>";
		};
		58195DD32BD03542007A5BC6 /* ecommerce-product-page */ = {
			isa = PBXGroup;
			children = (
				58787E0C2BD813640009AC51 /* Extensions */,
				58195DED2BD03C1E007A5BC6 /* CustomViews */,
				58195DD42BD03542007A5BC6 /* AppDelegate.swift */,
				58195DD62BD03542007A5BC6 /* SceneDelegate.swift */,
				58195DD82BD03542007A5BC6 /* ViewController.swift */,
				58195DDD2BD03543007A5BC6 /* Assets.xcassets */,
				58195DDF2BD03543007A5BC6 /* LaunchScreen.storyboard */,
				58195DE22BD03543007A5BC6 /* Info.plist */,
				58787E192BDBFAA30009AC51 /* Model */,
				58195DEC2BD036F8007A5BC6 /* Fonts */,
			);
			path = "ecommerce-product-page";
			sourceTree = "<group>";
		};
		58195DEC2BD036F8007A5BC6 /* Fonts */ = {
			isa = PBXGroup;
			children = (
				58195DE82BD036F1007A5BC6 /* KumbhSans-Bold.ttf */,
				58195DE92BD036F1007A5BC6 /* KumbhSans-Regular.ttf */,
			);
			path = Fonts;
			sourceTree = "<group>";
		};
		58195DED2BD03C1E007A5BC6 /* CustomViews */ = {
			isa = PBXGroup;
			children = (
				58195DF02BD0403D007A5BC6 /* TextView.swift */,
				58195DF22BD0A346007A5BC6 /* CarouselImageView.swift */,
				58195DF42BD1D4D0007A5BC6 /* DescriptionView.swift */,
				58787E062BD6C1770009AC51 /* CustomStepper.swift */,
				58787E082BD80DE80009AC51 /* ScrollView.swift */,
				58787E132BDB1ACB0009AC51 /* CartModalView.swift */,
				58787E152BDB1CE80009AC51 /* CheckoutModal.swift */,
			);
			path = CustomViews;
			sourceTree = "<group>";
		};
		58787E0C2BD813640009AC51 /* Extensions */ = {
			isa = PBXGroup;
			children = (
				58787E0D2BD813770009AC51 /* CALayer-Ext.swift */,
			);
			path = Extensions;
			sourceTree = "<group>";
		};
		58787E192BDBFAA30009AC51 /* Model */ = {
			isa = PBXGroup;
			children = (
				58787E172BDBFA9D0009AC51 /* DataModel.swift */,
			);
			path = Model;
			sourceTree = "<group>";
		};
/* End PBXGroup section */

/* Begin PBXNativeTarget section */
		58195DD02BD03542007A5BC6 /* ecommerce-product-page */ = {
			isa = PBXNativeTarget;
			buildConfigurationList = 58195DE52BD03543007A5BC6 /* Build configuration list for PBXNativeTarget "ecommerce-product-page" */;
			buildPhases = (
				58195DCD2BD03542007A5BC6 /* Sources */,
				58195DCE2BD03542007A5BC6 /* Frameworks */,
				58195DCF2BD03542007A5BC6 /* Resources */,
			);
			buildRules = (
			);
			dependencies = (
			);
			name = "ecommerce-product-page";
			productName = "ecommerce-product-page";
			productReference = 58195DD12BD03542007A5BC6 /* ecommerce-product-page.app */;
			productType = "com.apple.product-type.application";
		};
/* End PBXNativeTarget section */

/* Begin PBXProject section */
		58195DC92BD03542007A5BC6 /* Project object */ = {
			isa = PBXProject;
			attributes = {
				BuildIndependentTargetsInParallel = 1;
				LastSwiftUpdateCheck = 1420;
				LastUpgradeCheck = 1420;
				TargetAttributes = {
					58195DD02BD03542007A5BC6 = {
						CreatedOnToolsVersion = 14.2;
					};
				};
			};
			buildConfigurationList = 58195DCC2BD03542007A5BC6 /* Build configuration list for PBXProject "ecommerce-product-page" */;
			compatibilityVersion = "Xcode 14.0";
			developmentRegion = en;
			hasScannedForEncodings = 0;
			knownRegions = (
				en,
				Base,
			);
			mainGroup = 58195DC82BD03542007A5BC6;
			productRefGroup = 58195DD22BD03542007A5BC6 /* Products */;
			projectDirPath = "";
			projectRoot = "";
			targets = (
				58195DD02BD03542007A5BC6 /* ecommerce-product-page */,
			);
		};
/* End PBXProject section */

/* Begin PBXResourcesBuildPhase section */
		58195DCF2BD03542007A5BC6 /* Resources */ = {
			isa = PBXResourcesBuildPhase;
			buildActionMask = 2147483647;
			files = (
				58195DEB2BD036F1007A5BC6 /* KumbhSans-Regular.ttf in Resources */,
				58195DEA2BD036F1007A5BC6 /* KumbhSans-Bold.ttf in Resources */,
				58195DE12BD03543007A5BC6 /* LaunchScreen.storyboard in Resources */,
				58195DDE2BD03543007A5BC6 /* Assets.xcassets in Resources */,
			);
			runOnlyForDeploymentPostprocessing = 0;
		};
/* End PBXResourcesBuildPhase section */

/* Begin PBXSourcesBuildPhase section */
		58195DCD2BD03542007A5BC6 /* Sources */ = {
			isa = PBXSourcesBuildPhase;
			buildActionMask = 2147483647;
			files = (
				58195DD92BD03542007A5BC6 /* ViewController.swift in Sources */,
				58195DD52BD03542007A5BC6 /* AppDelegate.swift in Sources */,
				58195DF32BD0A346007A5BC6 /* CarouselImageView.swift in Sources */,
				58787E072BD6C1770009AC51 /* CustomStepper.swift in Sources */,
				58195DF52BD1D4D0007A5BC6 /* DescriptionView.swift in Sources */,
				58787E182BDBFA9D0009AC51 /* DataModel.swift in Sources */,
				58787E092BD80DE80009AC51 /* ScrollView.swift in Sources */,
				58787E0E2BD813770009AC51 /* CALayer-Ext.swift in Sources */,
				58195DD72BD03542007A5BC6 /* SceneDelegate.swift in Sources */,
				58787E162BDB1CE80009AC51 /* CheckoutModal.swift in Sources */,
				58195DF12BD0403D007A5BC6 /* TextView.swift in Sources */,
				58787E142BDB1ACB0009AC51 /* CartModalView.swift in Sources */,
			);
			runOnlyForDeploymentPostprocessing = 0;
		};
/* End PBXSourcesBuildPhase section */

/* Begin PBXVariantGroup section */
		58195DDF2BD03543007A5BC6 /* LaunchScreen.storyboard */ = {
			isa = PBXVariantGroup;
			children = (
				58195DE02BD03543007A5BC6 /* Base */,
			);
			name = LaunchScreen.storyboard;
			sourceTree = "<group>";
		};
/* End PBXVariantGroup section */

/* Begin XCBuildConfiguration section */
		58195DE32BD03543007A5BC6 /* Debug */ = {
			isa = XCBuildConfiguration;
			buildSettings = {
				ALWAYS_SEARCH_USER_PATHS = NO;
				CLANG_ANALYZER_NONNULL = YES;
				CLANG_ANALYZER_NUMBER_OBJECT_CONVERSION = YES_AGGRESSIVE;
				CLANG_CXX_LANGUAGE_STANDARD = "gnu++20";
				CLANG_ENABLE_MODULES = YES;
				CLANG_ENABLE_OBJC_ARC = YES;
				CLANG_ENABLE_OBJC_WEAK = YES;
				CLANG_WARN_BLOCK_CAPTURE_AUTORELEASING = YES;
				CLANG_WARN_BOOL_CONVERSION = YES;
				CLANG_WARN_COMMA = YES;
				CLANG_WARN_CONSTANT_CONVERSION = YES;
				CLANG_WARN_DEPRECATED_OBJC_IMPLEMENTATIONS = YES;
				CLANG_WARN_DIRECT_OBJC_ISA_USAGE = YES_ERROR;
				CLANG_WARN_DOCUMENTATION_COMMENTS = YES;
				CLANG_WARN_EMPTY_BODY = YES;
				CLANG_WARN_ENUM_CONVERSION = YES;
				CLANG_WARN_INFINITE_RECURSION = YES;
				CLANG_WARN_INT_CONVERSION = YES;
				CLANG_WARN_NON_LITERAL_NULL_CONVERSION = YES;
				CLANG_WARN_OBJC_IMPLICIT_RETAIN_SELF = YES;
				CLANG_WARN_OBJC_LITERAL_CONVERSION = YES;
				CLANG_WARN_OBJC_ROOT_CLASS = YES_ERROR;
				CLANG_WARN_QUOTED_INCLUDE_IN_FRAMEWORK_HEADER = YES;
				CLANG_WARN_RANGE_LOOP_ANALYSIS = YES;
				CLANG_WARN_STRICT_PROTOTYPES = YES;
				CLANG_WARN_SUSPICIOUS_MOVE = YES;
				CLANG_WARN_UNGUARDED_AVAILABILITY = YES_AGGRESSIVE;
				CLANG_WARN_UNREACHABLE_CODE = YES;
				CLANG_WARN__DUPLICATE_METHOD_MATCH = YES;
				COPY_PHASE_STRIP = NO;
				DEBUG_INFORMATION_FORMAT = dwarf;
				ENABLE_STRICT_OBJC_MSGSEND = YES;
				ENABLE_TESTABILITY = YES;
				GCC_C_LANGUAGE_STANDARD = gnu11;
				GCC_DYNAMIC_NO_PIC = NO;
				GCC_NO_COMMON_BLOCKS = YES;
				GCC_OPTIMIZATION_LEVEL = 0;
				GCC_PREPROCESSOR_DEFINITIONS = (
					"DEBUG=1",
					"$(inherited)",
				);
				GCC_WARN_64_TO_32_BIT_CONVERSION = YES;
				GCC_WARN_ABOUT_RETURN_TYPE = YES_ERROR;
				GCC_WARN_UNDECLARED_SELECTOR = YES;
				GCC_WARN_UNINITIALIZED_AUTOS = YES_AGGRESSIVE;
				GCC_WARN_UNUSED_FUNCTION = YES;
				GCC_WARN_UNUSED_VARIABLE = YES;
				IPHONEOS_DEPLOYMENT_TARGET = 16.2;
				MTL_ENABLE_DEBUG_INFO = INCLUDE_SOURCE;
				MTL_FAST_MATH = YES;
				ONLY_ACTIVE_ARCH = YES;
				SDKROOT = iphoneos;
				SWIFT_ACTIVE_COMPILATION_CONDITIONS = DEBUG;
				SWIFT_OPTIMIZATION_LEVEL = "-Onone";
			};
			name = Debug;
		};
		58195DE42BD03543007A5BC6 /* Release */ = {
			isa = XCBuildConfiguration;
			buildSettings = {
				ALWAYS_SEARCH_USER_PATHS = NO;
				CLANG_ANALYZER_NONNULL = YES;
				CLANG_ANALYZER_NUMBER_OBJECT_CONVERSION = YES_AGGRESSIVE;
				CLANG_CXX_LANGUAGE_STANDARD = "gnu++20";
				CLANG_ENABLE_MODULES = YES;
				CLANG_ENABLE_OBJC_ARC = YES;
				CLANG_ENABLE_OBJC_WEAK = YES;
				CLANG_WARN_BLOCK_CAPTURE_AUTORELEASING = YES;
				CLANG_WARN_BOOL_CONVERSION = YES;
				CLANG_WARN_COMMA = YES;
				CLANG_WARN_CONSTANT_CONVERSION = YES;
				CLANG_WARN_DEPRECATED_OBJC_IMPLEMENTATIONS = YES;
				CLANG_WARN_DIRECT_OBJC_ISA_USAGE = YES_ERROR;
				CLANG_WARN_DOCUMENTATION_COMMENTS = YES;
				CLANG_WARN_EMPTY_BODY = YES;
				CLANG_WARN_ENUM_CONVERSION = YES;
				CLANG_WARN_INFINITE_RECURSION = YES;
				CLANG_WARN_INT_CONVERSION = YES;
				CLANG_WARN_NON_LITERAL_NULL_CONVERSION = YES;
				CLANG_WARN_OBJC_IMPLICIT_RETAIN_SELF = YES;
				CLANG_WARN_OBJC_LITERAL_CONVERSION = YES;
				CLANG_WARN_OBJC_ROOT_CLASS = YES_ERROR;
				CLANG_WARN_QUOTED_INCLUDE_IN_FRAMEWORK_HEADER = YES;
				CLANG_WARN_RANGE_LOOP_ANALYSIS = YES;
				CLANG_WARN_STRICT_PROTOTYPES = YES;
				CLANG_WARN_SUSPICIOUS_MOVE = YES;
				CLANG_WARN_UNGUARDED_AVAILABILITY = YES_AGGRESSIVE;
				CLANG_WARN_UNREACHABLE_CODE = YES;
				CLANG_WARN__DUPLICATE_METHOD_MATCH = YES;
				COPY_PHASE_STRIP = NO;
				DEBUG_INFORMATION_FORMAT = "dwarf-with-dsym";
				ENABLE_NS_ASSERTIONS = NO;
				ENABLE_STRICT_OBJC_MSGSEND = YES;
				GCC_C_LANGUAGE_STANDARD = gnu11;
				GCC_NO_COMMON_BLOCKS = YES;
				GCC_WARN_64_TO_32_BIT_CONVERSION = YES;
				GCC_WARN_ABOUT_RETURN_TYPE = YES_ERROR;
				GCC_WARN_UNDECLARED_SELECTOR = YES;
				GCC_WARN_UNINITIALIZED_AUTOS = YES_AGGRESSIVE;
				GCC_WARN_UNUSED_FUNCTION = YES;
				GCC_WARN_UNUSED_VARIABLE = YES;
				IPHONEOS_DEPLOYMENT_TARGET = 16.2;
				MTL_ENABLE_DEBUG_INFO = NO;
				MTL_FAST_MATH = YES;
				SDKROOT = iphoneos;
				SWIFT_COMPILATION_MODE = wholemodule;
				SWIFT_OPTIMIZATION_LEVEL = "-O";
				VALIDATE_PRODUCT = YES;
			};
			name = Release;
		};
		58195DE62BD03543007A5BC6 /* Debug */ = {
			isa = XCBuildConfiguration;
			buildSettings = {
				ASSETCATALOG_COMPILER_APPICON_NAME = AppIcon;
				ASSETCATALOG_COMPILER_GLOBAL_ACCENT_COLOR_NAME = AccentColor;
				CODE_SIGN_STYLE = Automatic;
				CURRENT_PROJECT_VERSION = 1;
				DEVELOPMENT_TEAM = H5MNUSUD85;
				GENERATE_INFOPLIST_FILE = YES;
				INFOPLIST_FILE = "ecommerce-product-page/Info.plist";
				INFOPLIST_KEY_UIApplicationSupportsIndirectInputEvents = YES;
				INFOPLIST_KEY_UILaunchStoryboardName = LaunchScreen;
				INFOPLIST_KEY_UISupportedInterfaceOrientations_iPad = "UIInterfaceOrientationPortrait UIInterfaceOrientationPortraitUpsideDown UIInterfaceOrientationLandscapeLeft UIInterfaceOrientationLandscapeRight";
				INFOPLIST_KEY_UISupportedInterfaceOrientations_iPhone = "UIInterfaceOrientationPortrait UIInterfaceOrientationLandscapeLeft UIInterfaceOrientationLandscapeRight";
				LD_RUNPATH_SEARCH_PATHS = (
					"$(inherited)",
					"@executable_path/Frameworks",
				);
				MARKETING_VERSION = 1.0;
				PRODUCT_BUNDLE_IDENTIFIER = "com.Mfchm.ecommerce-product-page";
				PRODUCT_NAME = "$(TARGET_NAME)";
				SWIFT_EMIT_LOC_STRINGS = YES;
				SWIFT_VERSION = 5.0;
				TARGETED_DEVICE_FAMILY = "1,2";
			};
			name = Debug;
		};
		58195DE72BD03543007A5BC6 /* Release */ = {
			isa = XCBuildConfiguration;
			buildSettings = {
				ASSETCATALOG_COMPILER_APPICON_NAME = AppIcon;
				ASSETCATALOG_COMPILER_GLOBAL_ACCENT_COLOR_NAME = AccentColor;
				CODE_SIGN_STYLE = Automatic;
				CURRENT_PROJECT_VERSION = 1;
				DEVELOPMENT_TEAM = H5MNUSUD85;
				GENERATE_INFOPLIST_FILE = YES;
				INFOPLIST_FILE = "ecommerce-product-page/Info.plist";
				INFOPLIST_KEY_UIApplicationSupportsIndirectInputEvents = YES;
				INFOPLIST_KEY_UILaunchStoryboardName = LaunchScreen;
				INFOPLIST_KEY_UISupportedInterfaceOrientations_iPad = "UIInterfaceOrientationPortrait UIInterfaceOrientationPortraitUpsideDown UIInterfaceOrientationLandscapeLeft UIInterfaceOrientationLandscapeRight";
				INFOPLIST_KEY_UISupportedInterfaceOrientations_iPhone = "UIInterfaceOrientationPortrait UIInterfaceOrientationLandscapeLeft UIInterfaceOrientationLandscapeRight";
				LD_RUNPATH_SEARCH_PATHS = (
					"$(inherited)",
					"@executable_path/Frameworks",
				);
				MARKETING_VERSION = 1.0;
				PRODUCT_BUNDLE_IDENTIFIER = "com.Mfchm.ecommerce-product-page";
				PRODUCT_NAME = "$(TARGET_NAME)";
				SWIFT_EMIT_LOC_STRINGS = YES;
				SWIFT_VERSION = 5.0;
				TARGETED_DEVICE_FAMILY = "1,2";
			};
			name = Release;
		};
/* End XCBuildConfiguration section */

/* Begin XCConfigurationList section */
		58195DCC2BD03542007A5BC6 /* Build configuration list for PBXProject "ecommerce-product-page" */ = {
			isa = XCConfigurationList;
			buildConfigurations = (
				58195DE32BD03543007A5BC6 /* Debug */,
				58195DE42BD03543007A5BC6 /* Release */,
			);
			defaultConfigurationIsVisible = 0;
			defaultConfigurationName = Release;
		};
		58195DE52BD03543007A5BC6 /* Build configuration list for PBXNativeTarget "ecommerce-product-page" */ = {
			isa = XCConfigurationList;
			buildConfigurations = (
				58195DE62BD03543007A5BC6 /* Debug */,
				58195DE72BD03543007A5BC6 /* Release */,
			);
			defaultConfigurationIsVisible = 0;
			defaultConfigurationName = Release;
		};
/* End XCConfigurationList section */
	};
	rootObject = 58195DC92BD03542007A5BC6 /* Project object */;
}
